
Microsoft Visual Studio Solution File, Format Version 12.00
# Visual Studio Version 16
VisualStudioVersion = 16.0.30717.126
MinimumVisualStudioVersion = 10.0.40219.1
Project("{FAE04EC0-301F-11D3-BF4B-00C04F79EFBC}") = "Arvontakone", "Arvontakone\Arvontakone.csproj", "{CFC51238-C6D9-4285-93F0-4B3AB478A30C}"
EndProject
Global
	GlobalSection(SolutionConfigurationPlatforms) = preSolution
		Debug|Any CPU = Debug|Any CPU
		Release|Any CPU = Release|Any CPU
	EndGlobalSection
	GlobalSection(ProjectConfigurationPlatforms) = postSolution
		{CFC51238-C6D9-4285-93F0-4B3AB478A30C}.Debug|Any CPU.ActiveCfg = Debug|Any CPU
		{CFC51238-C6D9-4285-93F0-4B3AB478A30C}.Debug|Any CPU.Build.0 = Debug|Any CPU
		{CFC51238-C6D9-4285-93F0-4B3AB478A30C}.Release|Any CPU.ActiveCfg = Release|Any CPU
		{CFC51238-C6D9-4285-93F0-4B3AB478A30C}.Release|Any CPU.Build.0 = Release|Any CPU
	EndGlobalSection
	GlobalSection(SolutionProperties) = preSolution
		HideSolutionNode = FALSE
	EndGlobalSection
	GlobalSection(ExtensibilityGlobals) = postSolution
		SolutionGuid = {9FFB0060-FF08-4843-B185-04C96A210382}
	EndGlobalSection
EndGlobal
